
Microsoft Visual Studio Solution File, Format Version 10.00
# Visual Studio 2008
Project("{D183A3D8-5FD8-494B-B014-37F57B35E655}") = "Check Database Availability", "Check Database Availability.dtproj", "{3E5058BC-6C0D-4B13-AF9C-7D57F6ACE7B7}"
EndProject
Global
	GlobalSection(SolutionConfigurationPlatforms) = preSolution
		Development|Default = Development|Default
	EndGlobalSection
	GlobalSection(ProjectConfigurationPlatforms) = postSolution
		{3E5058BC-6C0D-4B13-AF9C-7D57F6ACE7B7}.Development|Default.ActiveCfg = Development
		{3E5058BC-6C0D-4B13-AF9C-7D57F6ACE7B7}.Development|Default.Build.0 = Development
	EndGlobalSection
	GlobalSection(SolutionProperties) = preSolution
		HideSolutionNode = FALSE
	EndGlobalSection
EndGlobal
