
Microsoft Visual Studio Solution File, Format Version 10.00
# Visual Studio 2008
Project("{D183A3D8-5FD8-494B-B014-37F57B35E655}") = "Create_Generic_Extract_Package", "Create_Generic_Extract_Package\Create_Generic_Extract_Package.dtproj", "{0D1C8C02-E471-4D33-BB5A-57999EB67661}"
EndProject
Global
	GlobalSection(SolutionConfigurationPlatforms) = preSolution
		Development|Default = Development|Default
	EndGlobalSection
	GlobalSection(ProjectConfigurationPlatforms) = postSolution
		{0D1C8C02-E471-4D33-BB5A-57999EB67661}.Development|Default.ActiveCfg = Development
		{0D1C8C02-E471-4D33-BB5A-57999EB67661}.Development|Default.Build.0 = Development
	EndGlobalSection
	GlobalSection(SolutionProperties) = preSolution
		HideSolutionNode = FALSE
	EndGlobalSection
EndGlobal
